
Microsoft Visual Studio Solution File, Format Version 11.00
# Visual Studio 2010
Project("{8BC9CEB8-8B4A-11D0-8D11-00A0C91BC942}") = "D3Ddemo18", "D3Ddemo18\D3Ddemo18.vcxproj", "{C0E2373D-6FA7-4E5F-B658-2FBA08F036BD}"
EndProject
Global
	GlobalSection(SolutionConfigurationPlatforms) = preSolution
		Debug|Win32 = Debug|Win32
		Release|Win32 = Release|Win32
	EndGlobalSection
	GlobalSection(ProjectConfigurationPlatforms) = postSolution
		{C0E2373D-6FA7-4E5F-B658-2FBA08F036BD}.Debug|Win32.ActiveCfg = Debug|Win32
		{C0E2373D-6FA7-4E5F-B658-2FBA08F036BD}.Debug|Win32.Build.0 = Debug|Win32
		{C0E2373D-6FA7-4E5F-B658-2FBA08F036BD}.Release|Win32.ActiveCfg = Release|Win32
		{C0E2373D-6FA7-4E5F-B658-2FBA08F036BD}.Release|Win32.Build.0 = Release|Win32
	EndGlobalSection
	GlobalSection(SolutionProperties) = preSolution
		HideSolutionNode = FALSE
	EndGlobalSection
EndGlobal
