
Microsoft Visual Studio Solution File, Format Version 11.00
# Visual Studio 2010
Project("{8BC9CEB8-8B4A-11D0-8D11-00A0C91BC942}") = "D3Ddemo10", "D3Ddemo10\D3Ddemo10.vcxproj", "{A44CEE89-1FF3-4C31-B58E-2F371F3FBCC6}"
EndProject
Global
	GlobalSection(SolutionConfigurationPlatforms) = preSolution
		Debug|Win32 = Debug|Win32
		Release|Win32 = Release|Win32
	EndGlobalSection
	GlobalSection(ProjectConfigurationPlatforms) = postSolution
		{A44CEE89-1FF3-4C31-B58E-2F371F3FBCC6}.Debug|Win32.ActiveCfg = Debug|Win32
		{A44CEE89-1FF3-4C31-B58E-2F371F3FBCC6}.Debug|Win32.Build.0 = Debug|Win32
		{A44CEE89-1FF3-4C31-B58E-2F371F3FBCC6}.Release|Win32.ActiveCfg = Release|Win32
		{A44CEE89-1FF3-4C31-B58E-2F371F3FBCC6}.Release|Win32.Build.0 = Release|Win32
	EndGlobalSection
	GlobalSection(SolutionProperties) = preSolution
		HideSolutionNode = FALSE
	EndGlobalSection
EndGlobal
